
Microsoft Visual Studio Solution File, Format Version 12.00
# Visual Studio Version 16
VisualStudioVersion = 16.0.31624.102
MinimumVisualStudioVersion = 10.0.40219.1
Project("{FAE04EC0-301F-11D3-BF4B-00C04F79EFBC}") = "asignacionCompuesta", "asignacionCompuesta\asignacionCompuesta.csproj", "{26929766-33A4-4F81-9B2C-1CA841905D58}"
EndProject
Global
	GlobalSection(SolutionConfigurationPlatforms) = preSolution
		Debug|Any CPU = Debug|Any CPU
		Release|Any CPU = Release|Any CPU
	EndGlobalSection
	GlobalSection(ProjectConfigurationPlatforms) = postSolution
		{26929766-33A4-4F81-9B2C-1CA841905D58}.Debug|Any CPU.ActiveCfg = Debug|Any CPU
		{26929766-33A4-4F81-9B2C-1CA841905D58}.Debug|Any CPU.Build.0 = Debug|Any CPU
		{26929766-33A4-4F81-9B2C-1CA841905D58}.Release|Any CPU.ActiveCfg = Release|Any CPU
		{26929766-33A4-4F81-9B2C-1CA841905D58}.Release|Any CPU.Build.0 = Release|Any CPU
	EndGlobalSection
	GlobalSection(SolutionProperties) = preSolution
		HideSolutionNode = FALSE
	EndGlobalSection
	GlobalSection(ExtensibilityGlobals) = postSolution
		SolutionGuid = {2F523E05-71E7-4384-BD10-D24B46F2F319}
	EndGlobalSection
EndGlobal
