
Microsoft Visual Studio Solution File, Format Version 12.00
# Visual Studio Version 17
VisualStudioVersion = 17.2.32519.379
MinimumVisualStudioVersion = 10.0.40219.1
Project("{FAE04EC0-301F-11D3-BF4B-00C04F79EFBC}") = "factorialDeCualquierNumero", "factorialDeCualquierNumero\factorialDeCualquierNumero.csproj", "{79C9A4E0-6A13-451B-BFEF-8CB6D0D3585F}"
EndProject
Global
	GlobalSection(SolutionConfigurationPlatforms) = preSolution
		Debug|Any CPU = Debug|Any CPU
		Release|Any CPU = Release|Any CPU
	EndGlobalSection
	GlobalSection(ProjectConfigurationPlatforms) = postSolution
		{79C9A4E0-6A13-451B-BFEF-8CB6D0D3585F}.Debug|Any CPU.ActiveCfg = Debug|Any CPU
		{79C9A4E0-6A13-451B-BFEF-8CB6D0D3585F}.Debug|Any CPU.Build.0 = Debug|Any CPU
		{79C9A4E0-6A13-451B-BFEF-8CB6D0D3585F}.Release|Any CPU.ActiveCfg = Release|Any CPU
		{79C9A4E0-6A13-451B-BFEF-8CB6D0D3585F}.Release|Any CPU.Build.0 = Release|Any CPU
	EndGlobalSection
	GlobalSection(SolutionProperties) = preSolution
		HideSolutionNode = FALSE
	EndGlobalSection
	GlobalSection(ExtensibilityGlobals) = postSolution
		SolutionGuid = {1F37C33C-A4D8-44DF-9E4A-A9698D28DC53}
	EndGlobalSection
EndGlobal
