
Microsoft Visual Studio Solution File, Format Version 12.00
# Visual Studio Version 16
VisualStudioVersion = 16.0.31624.102
MinimumVisualStudioVersion = 10.0.40219.1
Project("{FAE04EC0-301F-11D3-BF4B-00C04F79EFBC}") = "Seecion2", "Seecion2\Seecion2.csproj", "{1AA84DEC-D398-40F3-846B-7F16F8295792}"
EndProject
Global
	GlobalSection(SolutionConfigurationPlatforms) = preSolution
		Debug|Any CPU = Debug|Any CPU
		Release|Any CPU = Release|Any CPU
	EndGlobalSection
	GlobalSection(ProjectConfigurationPlatforms) = postSolution
		{1AA84DEC-D398-40F3-846B-7F16F8295792}.Debug|Any CPU.ActiveCfg = Debug|Any CPU
		{1AA84DEC-D398-40F3-846B-7F16F8295792}.Debug|Any CPU.Build.0 = Debug|Any CPU
		{1AA84DEC-D398-40F3-846B-7F16F8295792}.Release|Any CPU.ActiveCfg = Release|Any CPU
		{1AA84DEC-D398-40F3-846B-7F16F8295792}.Release|Any CPU.Build.0 = Release|Any CPU
	EndGlobalSection
	GlobalSection(SolutionProperties) = preSolution
		HideSolutionNode = FALSE
	EndGlobalSection
	GlobalSection(ExtensibilityGlobals) = postSolution
		SolutionGuid = {EBC78EEE-45EE-4913-950C-FA21A3CA24D1}
	EndGlobalSection
EndGlobal
