
Microsoft Visual Studio Solution File, Format Version 12.00
# Visual Studio Version 17
VisualStudioVersion = 17.2.32519.379
MinimumVisualStudioVersion = 10.0.40219.1
Project("{FAE04EC0-301F-11D3-BF4B-00C04F79EFBC}") = "InstruccionDO2", "InstruccionDO2\InstruccionDO2.csproj", "{F13C46BF-02A6-4C97-9ED0-8505F29351CE}"
EndProject
Global
	GlobalSection(SolutionConfigurationPlatforms) = preSolution
		Debug|Any CPU = Debug|Any CPU
		Release|Any CPU = Release|Any CPU
	EndGlobalSection
	GlobalSection(ProjectConfigurationPlatforms) = postSolution
		{F13C46BF-02A6-4C97-9ED0-8505F29351CE}.Debug|Any CPU.ActiveCfg = Debug|Any CPU
		{F13C46BF-02A6-4C97-9ED0-8505F29351CE}.Debug|Any CPU.Build.0 = Debug|Any CPU
		{F13C46BF-02A6-4C97-9ED0-8505F29351CE}.Release|Any CPU.ActiveCfg = Release|Any CPU
		{F13C46BF-02A6-4C97-9ED0-8505F29351CE}.Release|Any CPU.Build.0 = Release|Any CPU
	EndGlobalSection
	GlobalSection(SolutionProperties) = preSolution
		HideSolutionNode = FALSE
	EndGlobalSection
	GlobalSection(ExtensibilityGlobals) = postSolution
		SolutionGuid = {22252F95-80D7-4FCB-9D95-45036C90E263}
	EndGlobalSection
EndGlobal
