
Microsoft Visual Studio Solution File, Format Version 12.00
# Visual Studio Version 16
VisualStudioVersion = 16.0.31624.102
MinimumVisualStudioVersion = 10.0.40219.1
Project("{FAE04EC0-301F-11D3-BF4B-00C04F79EFBC}") = "operadoresIncrementoDecremento", "operadoresIncrementoDecremento\operadoresIncrementoDecremento.csproj", "{B6F268D2-A54C-421F-A782-93757905C010}"
EndProject
Global
	GlobalSection(SolutionConfigurationPlatforms) = preSolution
		Debug|Any CPU = Debug|Any CPU
		Release|Any CPU = Release|Any CPU
	EndGlobalSection
	GlobalSection(ProjectConfigurationPlatforms) = postSolution
		{B6F268D2-A54C-421F-A782-93757905C010}.Debug|Any CPU.ActiveCfg = Debug|Any CPU
		{B6F268D2-A54C-421F-A782-93757905C010}.Debug|Any CPU.Build.0 = Debug|Any CPU
		{B6F268D2-A54C-421F-A782-93757905C010}.Release|Any CPU.ActiveCfg = Release|Any CPU
		{B6F268D2-A54C-421F-A782-93757905C010}.Release|Any CPU.Build.0 = Release|Any CPU
	EndGlobalSection
	GlobalSection(SolutionProperties) = preSolution
		HideSolutionNode = FALSE
	EndGlobalSection
	GlobalSection(ExtensibilityGlobals) = postSolution
		SolutionGuid = {F61365FD-B08D-4046-B0B6-7205BE9EFE8E}
	EndGlobalSection
EndGlobal
