
Microsoft Visual Studio Solution File, Format Version 12.00
# Visual Studio Version 16
VisualStudioVersion = 16.0.31624.102
MinimumVisualStudioVersion = 10.0.40219.1
Project("{FAE04EC0-301F-11D3-BF4B-00C04F79EFBC}") = "mesesAños", "mesesAños\mesesAños.csproj", "{B6CAE84C-DAB0-41D6-94EC-982E74EAC449}"
EndProject
Global
	GlobalSection(SolutionConfigurationPlatforms) = preSolution
		Debug|Any CPU = Debug|Any CPU
		Release|Any CPU = Release|Any CPU
	EndGlobalSection
	GlobalSection(ProjectConfigurationPlatforms) = postSolution
		{B6CAE84C-DAB0-41D6-94EC-982E74EAC449}.Debug|Any CPU.ActiveCfg = Debug|Any CPU
		{B6CAE84C-DAB0-41D6-94EC-982E74EAC449}.Debug|Any CPU.Build.0 = Debug|Any CPU
		{B6CAE84C-DAB0-41D6-94EC-982E74EAC449}.Release|Any CPU.ActiveCfg = Release|Any CPU
		{B6CAE84C-DAB0-41D6-94EC-982E74EAC449}.Release|Any CPU.Build.0 = Release|Any CPU
	EndGlobalSection
	GlobalSection(SolutionProperties) = preSolution
		HideSolutionNode = FALSE
	EndGlobalSection
	GlobalSection(ExtensibilityGlobals) = postSolution
		SolutionGuid = {92042E09-2C4C-4C76-95E5-9EEDDFACF864}
	EndGlobalSection
EndGlobal
